
Microsoft Visual Studio Solution File, Format Version 12.00
# Visual Studio Version 16
VisualStudioVersion = 16.0.29709.97
MinimumVisualStudioVersion = 10.0.40219.1
Project("{8BC9CEB8-8B4A-11D0-8D11-00A0C91BC942}") = "Hola Mundo", "Hola Mundo\Hola Mundo.vcxproj", "{84038BFD-5D2E-4257-81C5-05AAD32A1EFE}"
EndProject
Project("{8BC9CEB8-8B4A-11D0-8D11-00A0C91BC942}") = "Actividad 1", "Tarea1\Tarea1.vcxproj", "{60E3AEAA-E2FC-4FF3-9202-B58B990E44E5}"
EndProject
Project("{2150E333-8FDC-42A3-9474-1A3956D46DE8}") = "Semana1", "Semana1", "{739452B5-FCBC-481C-A97F-E0D7839800D0}"
EndProject
Project("{2150E333-8FDC-42A3-9474-1A3956D46DE8}") = "Semana2", "Semana2", "{0ED7608E-8A76-4BB3-B821-0446E5827B06}"
EndProject
Project("{8BC9CEB8-8B4A-11D0-8D11-00A0C91BC942}") = "EjemploClasesInterfazImplementacion", "EjemploClasesInterfazImplementacion\EjemploClasesInterfazImplementacion.vcxproj", "{2FDDD1B6-19B8-406B-A4F7-C0BAEFF3545C}"
EndProject
Project("{8BC9CEB8-8B4A-11D0-8D11-00A0C91BC942}") = "Herencia", "Herencia\Herencia.vcxproj", "{7E8977CF-1A3D-4933-8BB9-86B8EA252537}"
EndProject
Project("{2150E333-8FDC-42A3-9474-1A3956D46DE8}") = "Semana3", "Semana3", "{5CBC6635-8058-4AEB-80FB-DD7A6D1538E7}"
EndProject
Project("{8BC9CEB8-8B4A-11D0-8D11-00A0C91BC942}") = "EjercicioPolimorfismo", "EjercicioPolimorfismo\EjercicioPolimorfismo.vcxproj", "{861607D5-8BE3-4F56-8D62-385DF00D01AA}"
EndProject
Project("{8BC9CEB8-8B4A-11D0-8D11-00A0C91BC942}") = "Actividad 2", "Actividad 2\Actividad 2.vcxproj", "{D0CB5BA3-9F41-4238-8F8C-F05E313BD74A}"
EndProject
Project("{2150E333-8FDC-42A3-9474-1A3956D46DE8}") = "Semana4", "Semana4", "{33DE7EBC-36AA-49DA-AC42-E351F0B551AA}"
EndProject
Project("{8BC9CEB8-8B4A-11D0-8D11-00A0C91BC942}") = "EjemploSobrecarga", "EjemploSobreCarga\EjemploSobreCarga.vcxproj", "{F1D3C821-88AD-448B-BB01-4973C17375CA}"
EndProject
Project("{8BC9CEB8-8B4A-11D0-8D11-00A0C91BC942}") = "Ejercicio 10.1", "Ejercicio 10.1\Ejercicio 10.1.vcxproj", "{2F49A2A2-E720-4737-859C-0EB875EABEDA}"
EndProject
Project("{8BC9CEB8-8B4A-11D0-8D11-00A0C91BC942}") = "Ejercicio 10.9", "Ejercicio 10.9\Ejercicio 10.9.vcxproj", "{B349B09F-0108-470E-853F-2DD6EDCF5326}"
EndProject
Project("{8BC9CEB8-8B4A-11D0-8D11-00A0C91BC942}") = "Actividad 4", "Actividad 4\Actividad 4.vcxproj", "{4C9B753D-6F32-4D6B-9A41-283D9133FFF6}"
EndProject
Project("{8BC9CEB8-8B4A-11D0-8D11-00A0C91BC942}") = "EnteroGrande", "EnteroGrande\EnteroGrande.vcxproj", "{E300BD71-C4C2-4647-AB5A-67ED0A87852D}"
EndProject
Global
	GlobalSection(SolutionConfigurationPlatforms) = preSolution
		Debug|x64 = Debug|x64
		Debug|x86 = Debug|x86
		Release|x64 = Release|x64
		Release|x86 = Release|x86
	EndGlobalSection
	GlobalSection(ProjectConfigurationPlatforms) = postSolution
		{84038BFD-5D2E-4257-81C5-05AAD32A1EFE}.Debug|x64.ActiveCfg = Debug|x64
		{84038BFD-5D2E-4257-81C5-05AAD32A1EFE}.Debug|x64.Build.0 = Debug|x64
		{84038BFD-5D2E-4257-81C5-05AAD32A1EFE}.Debug|x86.ActiveCfg = Debug|Win32
		{84038BFD-5D2E-4257-81C5-05AAD32A1EFE}.Debug|x86.Build.0 = Debug|Win32
		{84038BFD-5D2E-4257-81C5-05AAD32A1EFE}.Release|x64.ActiveCfg = Release|x64
		{84038BFD-5D2E-4257-81C5-05AAD32A1EFE}.Release|x64.Build.0 = Release|x64
		{84038BFD-5D2E-4257-81C5-05AAD32A1EFE}.Release|x86.ActiveCfg = Release|Win32
		{84038BFD-5D2E-4257-81C5-05AAD32A1EFE}.Release|x86.Build.0 = Release|Win32
		{60E3AEAA-E2FC-4FF3-9202-B58B990E44E5}.Debug|x64.ActiveCfg = Debug|x64
		{60E3AEAA-E2FC-4FF3-9202-B58B990E44E5}.Debug|x64.Build.0 = Debug|x64
		{60E3AEAA-E2FC-4FF3-9202-B58B990E44E5}.Debug|x86.ActiveCfg = Debug|Win32
		{60E3AEAA-E2FC-4FF3-9202-B58B990E44E5}.Debug|x86.Build.0 = Debug|Win32
		{60E3AEAA-E2FC-4FF3-9202-B58B990E44E5}.Release|x64.ActiveCfg = Release|x64
		{60E3AEAA-E2FC-4FF3-9202-B58B990E44E5}.Release|x64.Build.0 = Release|x64
		{60E3AEAA-E2FC-4FF3-9202-B58B990E44E5}.Release|x86.ActiveCfg = Release|Win32
		{60E3AEAA-E2FC-4FF3-9202-B58B990E44E5}.Release|x86.Build.0 = Release|Win32
		{2FDDD1B6-19B8-406B-A4F7-C0BAEFF3545C}.Debug|x64.ActiveCfg = Debug|x64
		{2FDDD1B6-19B8-406B-A4F7-C0BAEFF3545C}.Debug|x64.Build.0 = Debug|x64
		{2FDDD1B6-19B8-406B-A4F7-C0BAEFF3545C}.Debug|x86.ActiveCfg = Debug|Win32
		{2FDDD1B6-19B8-406B-A4F7-C0BAEFF3545C}.Debug|x86.Build.0 = Debug|Win32
		{2FDDD1B6-19B8-406B-A4F7-C0BAEFF3545C}.Release|x64.ActiveCfg = Release|x64
		{2FDDD1B6-19B8-406B-A4F7-C0BAEFF3545C}.Release|x64.Build.0 = Release|x64
		{2FDDD1B6-19B8-406B-A4F7-C0BAEFF3545C}.Release|x86.ActiveCfg = Release|Win32
		{2FDDD1B6-19B8-406B-A4F7-C0BAEFF3545C}.Release|x86.Build.0 = Release|Win32
		{7E8977CF-1A3D-4933-8BB9-86B8EA252537}.Debug|x64.ActiveCfg = Debug|x64
		{7E8977CF-1A3D-4933-8BB9-86B8EA252537}.Debug|x64.Build.0 = Debug|x64
		{7E8977CF-1A3D-4933-8BB9-86B8EA252537}.Debug|x86.ActiveCfg = Debug|Win32
		{7E8977CF-1A3D-4933-8BB9-86B8EA252537}.Debug|x86.Build.0 = Debug|Win32
		{7E8977CF-1A3D-4933-8BB9-86B8EA252537}.Release|x64.ActiveCfg = Release|x64
		{7E8977CF-1A3D-4933-8BB9-86B8EA252537}.Release|x64.Build.0 = Release|x64
		{7E8977CF-1A3D-4933-8BB9-86B8EA252537}.Release|x86.ActiveCfg = Release|Win32
		{7E8977CF-1A3D-4933-8BB9-86B8EA252537}.Release|x86.Build.0 = Release|Win32
		{861607D5-8BE3-4F56-8D62-385DF00D01AA}.Debug|x64.ActiveCfg = Debug|x64
		{861607D5-8BE3-4F56-8D62-385DF00D01AA}.Debug|x64.Build.0 = Debug|x64
		{861607D5-8BE3-4F56-8D62-385DF00D01AA}.Debug|x86.ActiveCfg = Debug|Win32
		{861607D5-8BE3-4F56-8D62-385DF00D01AA}.Debug|x86.Build.0 = Debug|Win32
		{861607D5-8BE3-4F56-8D62-385DF00D01AA}.Release|x64.ActiveCfg = Release|x64
		{861607D5-8BE3-4F56-8D62-385DF00D01AA}.Release|x64.Build.0 = Release|x64
		{861607D5-8BE3-4F56-8D62-385DF00D01AA}.Release|x86.ActiveCfg = Release|Win32
		{861607D5-8BE3-4F56-8D62-385DF00D01AA}.Release|x86.Build.0 = Release|Win32
		{D0CB5BA3-9F41-4238-8F8C-F05E313BD74A}.Debug|x64.ActiveCfg = Debug|x64
		{D0CB5BA3-9F41-4238-8F8C-F05E313BD74A}.Debug|x64.Build.0 = Debug|x64
		{D0CB5BA3-9F41-4238-8F8C-F05E313BD74A}.Debug|x86.ActiveCfg = Debug|Win32
		{D0CB5BA3-9F41-4238-8F8C-F05E313BD74A}.Debug|x86.Build.0 = Debug|Win32
		{D0CB5BA3-9F41-4238-8F8C-F05E313BD74A}.Release|x64.ActiveCfg = Release|x64
		{D0CB5BA3-9F41-4238-8F8C-F05E313BD74A}.Release|x64.Build.0 = Release|x64
		{D0CB5BA3-9F41-4238-8F8C-F05E313BD74A}.Release|x86.ActiveCfg = Release|Win32
		{D0CB5BA3-9F41-4238-8F8C-F05E313BD74A}.Release|x86.Build.0 = Release|Win32
		{F1D3C821-88AD-448B-BB01-4973C17375CA}.Debug|x64.ActiveCfg = Debug|x64
		{F1D3C821-88AD-448B-BB01-4973C17375CA}.Debug|x64.Build.0 = Debug|x64
		{F1D3C821-88AD-448B-BB01-4973C17375CA}.Debug|x86.ActiveCfg = Debug|Win32
		{F1D3C821-88AD-448B-BB01-4973C17375CA}.Debug|x86.Build.0 = Debug|Win32
		{F1D3C821-88AD-448B-BB01-4973C17375CA}.Release|x64.ActiveCfg = Release|x64
		{F1D3C821-88AD-448B-BB01-4973C17375CA}.Release|x64.Build.0 = Release|x64
		{F1D3C821-88AD-448B-BB01-4973C17375CA}.Release|x86.ActiveCfg = Release|Win32
		{F1D3C821-88AD-448B-BB01-4973C17375CA}.Release|x86.Build.0 = Release|Win32
		{2F49A2A2-E720-4737-859C-0EB875EABEDA}.Debug|x64.ActiveCfg = Debug|x64
		{2F49A2A2-E720-4737-859C-0EB875EABEDA}.Debug|x64.Build.0 = Debug|x64
		{2F49A2A2-E720-4737-859C-0EB875EABEDA}.Debug|x86.ActiveCfg = Debug|Win32
		{2F49A2A2-E720-4737-859C-0EB875EABEDA}.Debug|x86.Build.0 = Debug|Win32
		{2F49A2A2-E720-4737-859C-0EB875EABEDA}.Release|x64.ActiveCfg = Release|x64
		{2F49A2A2-E720-4737-859C-0EB875EABEDA}.Release|x64.Build.0 = Release|x64
		{2F49A2A2-E720-4737-859C-0EB875EABEDA}.Release|x86.ActiveCfg = Release|Win32
		{2F49A2A2-E720-4737-859C-0EB875EABEDA}.Release|x86.Build.0 = Release|Win32
		{B349B09F-0108-470E-853F-2DD6EDCF5326}.Debug|x64.ActiveCfg = Debug|x64
		{B349B09F-0108-470E-853F-2DD6EDCF5326}.Debug|x64.Build.0 = Debug|x64
		{B349B09F-0108-470E-853F-2DD6EDCF5326}.Debug|x86.ActiveCfg = Debug|Win32
		{B349B09F-0108-470E-853F-2DD6EDCF5326}.Debug|x86.Build.0 = Debug|Win32
		{B349B09F-0108-470E-853F-2DD6EDCF5326}.Release|x64.ActiveCfg = Release|x64
		{B349B09F-0108-470E-853F-2DD6EDCF5326}.Release|x64.Build.0 = Release|x64
		{B349B09F-0108-470E-853F-2DD6EDCF5326}.Release|x86.ActiveCfg = Release|Win32
		{B349B09F-0108-470E-853F-2DD6EDCF5326}.Release|x86.Build.0 = Release|Win32
		{4C9B753D-6F32-4D6B-9A41-283D9133FFF6}.Debug|x64.ActiveCfg = Debug|x64
		{4C9B753D-6F32-4D6B-9A41-283D9133FFF6}.Debug|x64.Build.0 = Debug|x64
		{4C9B753D-6F32-4D6B-9A41-283D9133FFF6}.Debug|x86.ActiveCfg = Debug|Win32
		{4C9B753D-6F32-4D6B-9A41-283D9133FFF6}.Debug|x86.Build.0 = Debug|Win32
		{4C9B753D-6F32-4D6B-9A41-283D9133FFF6}.Release|x64.ActiveCfg = Release|x64
		{4C9B753D-6F32-4D6B-9A41-283D9133FFF6}.Release|x64.Build.0 = Release|x64
		{4C9B753D-6F32-4D6B-9A41-283D9133FFF6}.Release|x86.ActiveCfg = Release|Win32
		{4C9B753D-6F32-4D6B-9A41-283D9133FFF6}.Release|x86.Build.0 = Release|Win32
		{E300BD71-C4C2-4647-AB5A-67ED0A87852D}.Debug|x64.ActiveCfg = Debug|x64
		{E300BD71-C4C2-4647-AB5A-67ED0A87852D}.Debug|x64.Build.0 = Debug|x64
		{E300BD71-C4C2-4647-AB5A-67ED0A87852D}.Debug|x86.ActiveCfg = Debug|Win32
		{E300BD71-C4C2-4647-AB5A-67ED0A87852D}.Debug|x86.Build.0 = Debug|Win32
		{E300BD71-C4C2-4647-AB5A-67ED0A87852D}.Release|x64.ActiveCfg = Release|x64
		{E300BD71-C4C2-4647-AB5A-67ED0A87852D}.Release|x64.Build.0 = Release|x64
		{E300BD71-C4C2-4647-AB5A-67ED0A87852D}.Release|x86.ActiveCfg = Release|Win32
		{E300BD71-C4C2-4647-AB5A-67ED0A87852D}.Release|x86.Build.0 = Release|Win32
	EndGlobalSection
	GlobalSection(SolutionProperties) = preSolution
		HideSolutionNode = FALSE
	EndGlobalSection
	GlobalSection(NestedProjects) = preSolution
		{84038BFD-5D2E-4257-81C5-05AAD32A1EFE} = {739452B5-FCBC-481C-A97F-E0D7839800D0}
		{60E3AEAA-E2FC-4FF3-9202-B58B990E44E5} = {739452B5-FCBC-481C-A97F-E0D7839800D0}
		{2FDDD1B6-19B8-406B-A4F7-C0BAEFF3545C} = {0ED7608E-8A76-4BB3-B821-0446E5827B06}
		{7E8977CF-1A3D-4933-8BB9-86B8EA252537} = {0ED7608E-8A76-4BB3-B821-0446E5827B06}
		{861607D5-8BE3-4F56-8D62-385DF00D01AA} = {5CBC6635-8058-4AEB-80FB-DD7A6D1538E7}
		{D0CB5BA3-9F41-4238-8F8C-F05E313BD74A} = {0ED7608E-8A76-4BB3-B821-0446E5827B06}
		{F1D3C821-88AD-448B-BB01-4973C17375CA} = {33DE7EBC-36AA-49DA-AC42-E351F0B551AA}
		{2F49A2A2-E720-4737-859C-0EB875EABEDA} = {0ED7608E-8A76-4BB3-B821-0446E5827B06}
		{B349B09F-0108-470E-853F-2DD6EDCF5326} = {0ED7608E-8A76-4BB3-B821-0446E5827B06}
		{4C9B753D-6F32-4D6B-9A41-283D9133FFF6} = {33DE7EBC-36AA-49DA-AC42-E351F0B551AA}
		{E300BD71-C4C2-4647-AB5A-67ED0A87852D} = {33DE7EBC-36AA-49DA-AC42-E351F0B551AA}
	EndGlobalSection
	GlobalSection(ExtensibilityGlobals) = postSolution
		SolutionGuid = {AE04C068-6286-48DD-BE5F-9118E8DD6B4F}
	EndGlobalSection
EndGlobal
